
Microsoft Visual Studio Solution File, Format Version 12.00
# Visual Studio Version 17
VisualStudioVersion = 17.1.32228.430
MinimumVisualStudioVersion = 10.0.40219.1
Project("{FAE04EC0-301F-11D3-BF4B-00C04F79EFBC}") = "Empresa vehiculos", "Empresa vehiculos.csproj", "{517D84DE-9D4B-487C-B693-02F92334E4AE}"
EndProject
Global
	GlobalSection(SolutionConfigurationPlatforms) = preSolution
		Debug|Any CPU = Debug|Any CPU
		Release|Any CPU = Release|Any CPU
	EndGlobalSection
	GlobalSection(ProjectConfigurationPlatforms) = postSolution
		{517D84DE-9D4B-487C-B693-02F92334E4AE}.Debug|Any CPU.ActiveCfg = Debug|Any CPU
		{517D84DE-9D4B-487C-B693-02F92334E4AE}.Debug|Any CPU.Build.0 = Debug|Any CPU
		{517D84DE-9D4B-487C-B693-02F92334E4AE}.Release|Any CPU.ActiveCfg = Release|Any CPU
		{517D84DE-9D4B-487C-B693-02F92334E4AE}.Release|Any CPU.Build.0 = Release|Any CPU
	EndGlobalSection
	GlobalSection(SolutionProperties) = preSolution
		HideSolutionNode = FALSE
	EndGlobalSection
	GlobalSection(ExtensibilityGlobals) = postSolution
		SolutionGuid = {76B1BC0D-A7D0-480E-B2B8-C14ABE79DCC7}
	EndGlobalSection
EndGlobal
